// !$*UTF8*$!
{
	archiveVersion = 1;
	classes = {
	};
	objectVersion = 56;
	objects = {

/* Begin PBXBuildFile section */
		1D7B3F9E11025C62D35D1345 /* Pods_Filming_FilmingUITests.framework in Frameworks */ = {isa = PBXBuildFile; fileRef = 4D92CE582531873749CE0D00 /* Pods_Filming_FilmingUITests.framework */; };
		63906C341546AC498BDD3157 /* Pods_FilmingTests.framework in Frameworks */ = {isa = PBXBuildFile; fileRef = 6837DFDA1EAFA5C0F2E28C09 /* Pods_FilmingTests.framework */; };
		848076C1AD2F0D929EE45E6F /* Pods_Filming.framework in Frameworks */ = {isa = PBXBuildFile; fileRef = 2D6E58E7AD6466204E1E47A3 /* Pods_Filming.framework */; };
		C24145092BFBB1F8002EC0F9 /* Coordinator.swift in Sources */ = {isa = PBXBuildFile; fileRef = C24145082BFBB1F8002EC0F9 /* Coordinator.swift */; };
		C25991692BFCE7C600B797C2 /* FirebaseAuth in Frameworks */ = {isa = PBXBuildFile; productRef = C25991682BFCE7C600B797C2 /* FirebaseAuth */; };
		C259916B2BFCE7C600B797C2 /* FirebaseFirestore in Frameworks */ = {isa = PBXBuildFile; productRef = C259916A2BFCE7C600B797C2 /* FirebaseFirestore */; };
		C259916D2BFCE7C600B797C2 /* FirebaseFirestoreSwift in Frameworks */ = {isa = PBXBuildFile; productRef = C259916C2BFCE7C600B797C2 /* FirebaseFirestoreSwift */; };
		C25991702BFCEADB00B797C2 /* GoogleService-Info.plist in Resources */ = {isa = PBXBuildFile; fileRef = C259916F2BFCEADB00B797C2 /* GoogleService-Info.plist */; };
		C25991732BFCEC4900B797C2 /* Place.swift in Sources */ = {isa = PBXBuildFile; fileRef = C25991722BFCEC4900B797C2 /* Place.swift */; };
		C25991762BFCF17800B797C2 /* PlaceViewModel.swift in Sources */ = {isa = PBXBuildFile; fileRef = C25991752BFCF17800B797C2 /* PlaceViewModel.swift */; };
		C2AEBA752BFF9AC100AB1337 /* RemoteImageView.swift in Sources */ = {isa = PBXBuildFile; fileRef = C2AEBA742BFF9AC100AB1337 /* RemoteImageView.swift */; };
		C2AEBA792BFF9B8E00AB1337 /* RemoteImageViewModel.swift in Sources */ = {isa = PBXBuildFile; fileRef = C2AEBA782BFF9B8E00AB1337 /* RemoteImageViewModel.swift */; };
		C2CBF5612BFEF8110071C5E5 /* HomeView.swift in Sources */ = {isa = PBXBuildFile; fileRef = C2CBF5602BFEF8110071C5E5 /* HomeView.swift */; };
		C2CBF5832BFF2B620071C5E5 /* BrandsScrollView.swift in Sources */ = {isa = PBXBuildFile; fileRef = C2CBF5822BFF2B620071C5E5 /* BrandsScrollView.swift */; };
		C2CBF5852BFF39CA0071C5E5 /* ItemGridView.swift in Sources */ = {isa = PBXBuildFile; fileRef = C2CBF5842BFF39CA0071C5E5 /* ItemGridView.swift */; };
		C2E73D262BFAE1F0002122B1 /* FilmingApp.swift in Sources */ = {isa = PBXBuildFile; fileRef = C2E73D252BFAE1F0002122B1 /* FilmingApp.swift */; };
		C2E73D282BFAE1F0002122B1 /* ContentView.swift in Sources */ = {isa = PBXBuildFile; fileRef = C2E73D272BFAE1F0002122B1 /* ContentView.swift */; };
		C2E73D2A2BFAE1F2002122B1 /* Assets.xcassets in Resources */ = {isa = PBXBuildFile; fileRef = C2E73D292BFAE1F2002122B1 /* Assets.xcassets */; };
		C2E73D2D2BFAE1F2002122B1 /* Preview Assets.xcassets in Resources */ = {isa = PBXBuildFile; fileRef = C2E73D2C2BFAE1F2002122B1 /* Preview Assets.xcassets */; };
		C2E73D372BFAE1F2002122B1 /* FilmingTests.swift in Sources */ = {isa = PBXBuildFile; fileRef = C2E73D362BFAE1F2002122B1 /* FilmingTests.swift */; };
		C2E73D412BFAE1F2002122B1 /* FilmingUITests.swift in Sources */ = {isa = PBXBuildFile; fileRef = C2E73D402BFAE1F2002122B1 /* FilmingUITests.swift */; };
		C2E73D432BFAE1F2002122B1 /* FilmingUITestsLaunchTests.swift in Sources */ = {isa = PBXBuildFile; fileRef = C2E73D422BFAE1F2002122B1 /* FilmingUITestsLaunchTests.swift */; };
		C2FC29912BFB869A00F8F929 /* Canon_AE-1.usdz in Resources */ = {isa = PBXBuildFile; fileRef = C2FC29882BFB869A00F8F929 /* Canon_AE-1.usdz */; };
		C2FC29922BFB869A00F8F929 /* Konica_c35.usdz in Resources */ = {isa = PBXBuildFile; fileRef = C2FC29892BFB869A00F8F929 /* Konica_c35.usdz */; };
		C2FC29932BFB869A00F8F929 /* Leica_M6.usdz in Resources */ = {isa = PBXBuildFile; fileRef = C2FC298A2BFB869A00F8F929 /* Leica_M6.usdz */; };
		C2FC29942BFB869A00F8F929 /* Minolta_X-300.usdz in Resources */ = {isa = PBXBuildFile; fileRef = C2FC298B2BFB869A00F8F929 /* Minolta_X-300.usdz */; };
		C2FC29952BFB869A00F8F929 /* Olympus_PBR.usdz in Resources */ = {isa = PBXBuildFile; fileRef = C2FC298C2BFB869A00F8F929 /* Olympus_PBR.usdz */; };
		C2FC29972BFB869A00F8F929 /* vintage_minolta_x-700_camera.usdz in Resources */ = {isa = PBXBuildFile; fileRef = C2FC298E2BFB869A00F8F929 /* vintage_minolta_x-700_camera.usdz */; };
		C2FC29982BFB869A00F8F929 /* Yashica_FX3.usdz in Resources */ = {isa = PBXBuildFile; fileRef = C2FC298F2BFB869A00F8F929 /* Yashica_FX3.usdz */; };
		C2FC299A2BFB879500F8F929 /* PENTAX_K1000.usdz in Resources */ = {isa = PBXBuildFile; fileRef = C2FC29992BFB879500F8F929 /* PENTAX_K1000.usdz */; };
		C2FC299C2BFB8B8800F8F929 /* SceneKitView.swift in Sources */ = {isa = PBXBuildFile; fileRef = C2FC299B2BFB8B8800F8F929 /* SceneKitView.swift */; };
		C2FC299E2BFB9CC700F8F929 /* SplashScreenView.swift in Sources */ = {isa = PBXBuildFile; fileRef = C2FC299D2BFB9CC700F8F929 /* SplashScreenView.swift */; };
		C2FC29A02BFBA47500F8F929 /* MapView.swift in Sources */ = {isa = PBXBuildFile; fileRef = C2FC299F2BFBA47500F8F929 /* MapView.swift */; };
		C2FC29A62BFBAD7900F8F929 /* NaverMap.swift in Sources */ = {isa = PBXBuildFile; fileRef = C2FC29A52BFBAD7900F8F929 /* NaverMap.swift */; };
/* End PBXBuildFile section */

/* Begin PBXContainerItemProxy section */
		C2E73D332BFAE1F2002122B1 /* PBXContainerItemProxy */ = {
			isa = PBXContainerItemProxy;
			containerPortal = C2E73D1A2BFAE1F0002122B1 /* Project object */;
			proxyType = 1;
			remoteGlobalIDString = C2E73D212BFAE1F0002122B1;
			remoteInfo = Filming;
		};
		C2E73D3D2BFAE1F2002122B1 /* PBXContainerItemProxy */ = {
			isa = PBXContainerItemProxy;
			containerPortal = C2E73D1A2BFAE1F0002122B1 /* Project object */;
			proxyType = 1;
			remoteGlobalIDString = C2E73D212BFAE1F0002122B1;
			remoteInfo = Filming;
		};
/* End PBXContainerItemProxy section */

/* Begin PBXFileReference section */
		2D6E58E7AD6466204E1E47A3 /* Pods_Filming.framework */ = {isa = PBXFileReference; explicitFileType = wrapper.framework; includeInIndex = 0; path = Pods_Filming.framework; sourceTree = BUILT_PRODUCTS_DIR; };
		4D92CE582531873749CE0D00 /* Pods_Filming_FilmingUITests.framework */ = {isa = PBXFileReference; explicitFileType = wrapper.framework; includeInIndex = 0; path = Pods_Filming_FilmingUITests.framework; sourceTree = BUILT_PRODUCTS_DIR; };
		549AE2D3E9C382B573C08D01 /* Pods-Filming-FilmingUITests.release.xcconfig */ = {isa = PBXFileReference; includeInIndex = 1; lastKnownFileType = text.xcconfig; name = "Pods-Filming-FilmingUITests.release.xcconfig"; path = "Target Support Files/Pods-Filming-FilmingUITests/Pods-Filming-FilmingUITests.release.xcconfig"; sourceTree = "<group>"; };
		6837DFDA1EAFA5C0F2E28C09 /* Pods_FilmingTests.framework */ = {isa = PBXFileReference; explicitFileType = wrapper.framework; includeInIndex = 0; path = Pods_FilmingTests.framework; sourceTree = BUILT_PRODUCTS_DIR; };
		832FB168AE0D42CBC7367820 /* Pods-Filming.release.xcconfig */ = {isa = PBXFileReference; includeInIndex = 1; lastKnownFileType = text.xcconfig; name = "Pods-Filming.release.xcconfig"; path = "Target Support Files/Pods-Filming/Pods-Filming.release.xcconfig"; sourceTree = "<group>"; };
		957DE3CA0C32D9D8C6505BBB /* Pods-FilmingTests.release.xcconfig */ = {isa = PBXFileReference; includeInIndex = 1; lastKnownFileType = text.xcconfig; name = "Pods-FilmingTests.release.xcconfig"; path = "Target Support Files/Pods-FilmingTests/Pods-FilmingTests.release.xcconfig"; sourceTree = "<group>"; };
		B6A917E1918F33883642C773 /* Pods-FilmingTests.debug.xcconfig */ = {isa = PBXFileReference; includeInIndex = 1; lastKnownFileType = text.xcconfig; name = "Pods-FilmingTests.debug.xcconfig"; path = "Target Support Files/Pods-FilmingTests/Pods-FilmingTests.debug.xcconfig"; sourceTree = "<group>"; };
		C20AD1C92BFBBC88002EF66D /* Filming.app */ = {isa = PBXFileReference; explicitFileType = wrapper.application; includeInIndex = 0; path = Filming.app; sourceTree = BUILT_PRODUCTS_DIR; };
		C24145082BFBB1F8002EC0F9 /* Coordinator.swift */ = {isa = PBXFileReference; lastKnownFileType = sourcecode.swift; path = Coordinator.swift; sourceTree = "<group>"; };
		C25991652BFCCD6900B797C2 /* FilmingTests.xctest */ = {isa = PBXFileReference; explicitFileType = wrapper.cfbundle; includeInIndex = 0; path = FilmingTests.xctest; sourceTree = BUILT_PRODUCTS_DIR; };
		C25991662BFCCD6900B797C2 /* FilmingUITests.xctest */ = {isa = PBXFileReference; explicitFileType = wrapper.cfbundle; includeInIndex = 0; path = FilmingUITests.xctest; sourceTree = BUILT_PRODUCTS_DIR; };
		C259916F2BFCEADB00B797C2 /* GoogleService-Info.plist */ = {isa = PBXFileReference; fileEncoding = 4; lastKnownFileType = text.plist.xml; path = "GoogleService-Info.plist"; sourceTree = "<group>"; };
		C25991722BFCEC4900B797C2 /* Place.swift */ = {isa = PBXFileReference; lastKnownFileType = sourcecode.swift; path = Place.swift; sourceTree = "<group>"; };
		C25991752BFCF17800B797C2 /* PlaceViewModel.swift */ = {isa = PBXFileReference; lastKnownFileType = sourcecode.swift; path = PlaceViewModel.swift; sourceTree = "<group>"; };
		C2AEBA742BFF9AC100AB1337 /* RemoteImageView.swift */ = {isa = PBXFileReference; lastKnownFileType = sourcecode.swift; path = RemoteImageView.swift; sourceTree = "<group>"; };
		C2AEBA782BFF9B8E00AB1337 /* RemoteImageViewModel.swift */ = {isa = PBXFileReference; lastKnownFileType = sourcecode.swift; path = RemoteImageViewModel.swift; sourceTree = "<group>"; };
		C2CBF5602BFEF8110071C5E5 /* HomeView.swift */ = {isa = PBXFileReference; lastKnownFileType = sourcecode.swift; path = HomeView.swift; sourceTree = "<group>"; };
		C2CBF5822BFF2B620071C5E5 /* BrandsScrollView.swift */ = {isa = PBXFileReference; lastKnownFileType = sourcecode.swift; path = BrandsScrollView.swift; sourceTree = "<group>"; };
		C2CBF5842BFF39CA0071C5E5 /* ItemGridView.swift */ = {isa = PBXFileReference; lastKnownFileType = sourcecode.swift; path = ItemGridView.swift; sourceTree = "<group>"; };
		C2E73D252BFAE1F0002122B1 /* FilmingApp.swift */ = {isa = PBXFileReference; lastKnownFileType = sourcecode.swift; path = FilmingApp.swift; sourceTree = "<group>"; };
		C2E73D272BFAE1F0002122B1 /* ContentView.swift */ = {isa = PBXFileReference; lastKnownFileType = sourcecode.swift; path = ContentView.swift; sourceTree = "<group>"; };
		C2E73D292BFAE1F2002122B1 /* Assets.xcassets */ = {isa = PBXFileReference; lastKnownFileType = folder.assetcatalog; path = Assets.xcassets; sourceTree = "<group>"; };
		C2E73D2C2BFAE1F2002122B1 /* Preview Assets.xcassets */ = {isa = PBXFileReference; lastKnownFileType = folder.assetcatalog; path = "Preview Assets.xcassets"; sourceTree = "<group>"; };
		C2E73D362BFAE1F2002122B1 /* FilmingTests.swift */ = {isa = PBXFileReference; lastKnownFileType = sourcecode.swift; path = FilmingTests.swift; sourceTree = "<group>"; };
		C2E73D402BFAE1F2002122B1 /* FilmingUITests.swift */ = {isa = PBXFileReference; lastKnownFileType = sourcecode.swift; path = FilmingUITests.swift; sourceTree = "<group>"; };
		C2E73D422BFAE1F2002122B1 /* FilmingUITestsLaunchTests.swift */ = {isa = PBXFileReference; lastKnownFileType = sourcecode.swift; path = FilmingUITestsLaunchTests.swift; sourceTree = "<group>"; };
		C2FC29882BFB869A00F8F929 /* Canon_AE-1.usdz */ = {isa = PBXFileReference; lastKnownFileType = file.usdz; path = "Canon_AE-1.usdz"; sourceTree = "<group>"; };
		C2FC29892BFB869A00F8F929 /* Konica_c35.usdz */ = {isa = PBXFileReference; lastKnownFileType = file.usdz; path = Konica_c35.usdz; sourceTree = "<group>"; };
		C2FC298A2BFB869A00F8F929 /* Leica_M6.usdz */ = {isa = PBXFileReference; lastKnownFileType = file.usdz; path = Leica_M6.usdz; sourceTree = "<group>"; };
		C2FC298B2BFB869A00F8F929 /* Minolta_X-300.usdz */ = {isa = PBXFileReference; lastKnownFileType = file.usdz; path = "Minolta_X-300.usdz"; sourceTree = "<group>"; };
		C2FC298C2BFB869A00F8F929 /* Olympus_PBR.usdz */ = {isa = PBXFileReference; lastKnownFileType = file.usdz; path = Olympus_PBR.usdz; sourceTree = "<group>"; };
		C2FC298E2BFB869A00F8F929 /* vintage_minolta_x-700_camera.usdz */ = {isa = PBXFileReference; lastKnownFileType = file.usdz; path = "vintage_minolta_x-700_camera.usdz"; sourceTree = "<group>"; };
		C2FC298F2BFB869A00F8F929 /* Yashica_FX3.usdz */ = {isa = PBXFileReference; lastKnownFileType = file.usdz; path = Yashica_FX3.usdz; sourceTree = "<group>"; };
		C2FC29992BFB879500F8F929 /* PENTAX_K1000.usdz */ = {isa = PBXFileReference; lastKnownFileType = file.usdz; path = PENTAX_K1000.usdz; sourceTree = "<group>"; };
		C2FC299B2BFB8B8800F8F929 /* SceneKitView.swift */ = {isa = PBXFileReference; lastKnownFileType = sourcecode.swift; path = SceneKitView.swift; sourceTree = "<group>"; };
		C2FC299D2BFB9CC700F8F929 /* SplashScreenView.swift */ = {isa = PBXFileReference; lastKnownFileType = sourcecode.swift; path = SplashScreenView.swift; sourceTree = "<group>"; };
		C2FC299F2BFBA47500F8F929 /* MapView.swift */ = {isa = PBXFileReference; lastKnownFileType = sourcecode.swift; path = MapView.swift; sourceTree = "<group>"; };
		C2FC29A22BFBA6AB00F8F929 /* Config.xcconfig */ = {isa = PBXFileReference; lastKnownFileType = text.xcconfig; path = Config.xcconfig; sourceTree = "<group>"; };
		C2FC29A32BFBAAF400F8F929 /* Info.plist */ = {isa = PBXFileReference; lastKnownFileType = text.plist; path = Info.plist; sourceTree = "<group>"; };
		C2FC29A52BFBAD7900F8F929 /* NaverMap.swift */ = {isa = PBXFileReference; lastKnownFileType = sourcecode.swift; path = NaverMap.swift; sourceTree = "<group>"; };
		DE3BECA3150C29184DD971F6 /* Pods-Filming-FilmingUITests.debug.xcconfig */ = {isa = PBXFileReference; includeInIndex = 1; lastKnownFileType = text.xcconfig; name = "Pods-Filming-FilmingUITests.debug.xcconfig"; path = "Target Support Files/Pods-Filming-FilmingUITests/Pods-Filming-FilmingUITests.debug.xcconfig"; sourceTree = "<group>"; };
		EFB2DA32C02DB89E82629408 /* Pods-Filming.debug.xcconfig */ = {isa = PBXFileReference; includeInIndex = 1; lastKnownFileType = text.xcconfig; name = "Pods-Filming.debug.xcconfig"; path = "Target Support Files/Pods-Filming/Pods-Filming.debug.xcconfig"; sourceTree = "<group>"; };
/* End PBXFileReference section */

/* Begin PBXFrameworksBuildPhase section */
		C2E73D1F2BFAE1F0002122B1 /* Frameworks */ = {
			isa = PBXFrameworksBuildPhase;
			buildActionMask = 2147483647;
			files = (
				848076C1AD2F0D929EE45E6F /* Pods_Filming.framework in Frameworks */,
				C25991692BFCE7C600B797C2 /* FirebaseAuth in Frameworks */,
				C259916B2BFCE7C600B797C2 /* FirebaseFirestore in Frameworks */,
				C259916D2BFCE7C600B797C2 /* FirebaseFirestoreSwift in Frameworks */,
			);
			runOnlyForDeploymentPostprocessing = 0;
		};
		C2E73D2F2BFAE1F2002122B1 /* Frameworks */ = {
			isa = PBXFrameworksBuildPhase;
			buildActionMask = 2147483647;
			files = (
				63906C341546AC498BDD3157 /* Pods_FilmingTests.framework in Frameworks */,
			);
			runOnlyForDeploymentPostprocessing = 0;
		};
		C2E73D392BFAE1F2002122B1 /* Frameworks */ = {
			isa = PBXFrameworksBuildPhase;
			buildActionMask = 2147483647;
			files = (
				1D7B3F9E11025C62D35D1345 /* Pods_Filming_FilmingUITests.framework in Frameworks */,
			);
			runOnlyForDeploymentPostprocessing = 0;
		};
/* End PBXFrameworksBuildPhase section */

/* Begin PBXGroup section */
		276E55BED2FF91B0B57AE07A /* Frameworks */ = {
			isa = PBXGroup;
			children = (
				2D6E58E7AD6466204E1E47A3 /* Pods_Filming.framework */,
				4D92CE582531873749CE0D00 /* Pods_Filming_FilmingUITests.framework */,
				6837DFDA1EAFA5C0F2E28C09 /* Pods_FilmingTests.framework */,
			);
			name = Frameworks;
			sourceTree = "<group>";
		};
		C24145072BFBB1D7002EC0F9 /* Service */ = {
			isa = PBXGroup;
			children = (
				C24145082BFBB1F8002EC0F9 /* Coordinator.swift */,
			);
			path = Service;
			sourceTree = "<group>";
		};
		C25991712BFCEB2300B797C2 /* Model */ = {
			isa = PBXGroup;
			children = (
				C25991722BFCEC4900B797C2 /* Place.swift */,
			);
			path = Model;
			sourceTree = "<group>";
		};
		C25991742BFCF14D00B797C2 /* ViewModel */ = {
			isa = PBXGroup;
			children = (
				C25991752BFCF17800B797C2 /* PlaceViewModel.swift */,
				C2AEBA782BFF9B8E00AB1337 /* RemoteImageViewModel.swift */,
			);
			path = ViewModel;
			sourceTree = "<group>";
		};
		C2E73D192BFAE1F0002122B1 = {
			isa = PBXGroup;
			children = (
				C2FC29A22BFBA6AB00F8F929 /* Config.xcconfig */,
				C2FC29902BFB869A00F8F929 /* 3DModel */,
				C2E73D242BFAE1F0002122B1 /* Filming */,
				C2E73D352BFAE1F2002122B1 /* FilmingTests */,
				C2E73D3F2BFAE1F2002122B1 /* FilmingUITests */,
				E3326B936EFEDEEC04B51C92 /* Pods */,
				276E55BED2FF91B0B57AE07A /* Frameworks */,
				C20AD1C92BFBBC88002EF66D /* Filming.app */,
				C25991652BFCCD6900B797C2 /* FilmingTests.xctest */,
				C25991662BFCCD6900B797C2 /* FilmingUITests.xctest */,
			);
			sourceTree = "<group>";
		};
		C2E73D242BFAE1F0002122B1 /* Filming */ = {
			isa = PBXGroup;
			children = (
				C2FC29A32BFBAAF400F8F929 /* Info.plist */,
				C259916F2BFCEADB00B797C2 /* GoogleService-Info.plist */,
				C25991712BFCEB2300B797C2 /* Model */,
				C24145072BFBB1D7002EC0F9 /* Service */,
				C2FC29A42BFBACA200F8F929 /* View */,
				C25991742BFCF14D00B797C2 /* ViewModel */,
				C2E73D252BFAE1F0002122B1 /* FilmingApp.swift */,
				C2E73D292BFAE1F2002122B1 /* Assets.xcassets */,
				C2E73D2B2BFAE1F2002122B1 /* Preview Content */,
			);
			path = Filming;
			sourceTree = "<group>";
		};
		C2E73D2B2BFAE1F2002122B1 /* Preview Content */ = {
			isa = PBXGroup;
			children = (
				C2E73D2C2BFAE1F2002122B1 /* Preview Assets.xcassets */,
			);
			path = "Preview Content";
			sourceTree = "<group>";
		};
		C2E73D352BFAE1F2002122B1 /* FilmingTests */ = {
			isa = PBXGroup;
			children = (
				C2E73D362BFAE1F2002122B1 /* FilmingTests.swift */,
			);
			path = FilmingTests;
			sourceTree = "<group>";
		};
		C2E73D3F2BFAE1F2002122B1 /* FilmingUITests */ = {
			isa = PBXGroup;
			children = (
				C2E73D402BFAE1F2002122B1 /* FilmingUITests.swift */,
				C2E73D422BFAE1F2002122B1 /* FilmingUITestsLaunchTests.swift */,
			);
			path = FilmingUITests;
			sourceTree = "<group>";
		};
		C2FC29902BFB869A00F8F929 /* 3DModel */ = {
			isa = PBXGroup;
			children = (
				C2FC29992BFB879500F8F929 /* PENTAX_K1000.usdz */,
				C2FC29882BFB869A00F8F929 /* Canon_AE-1.usdz */,
				C2FC29892BFB869A00F8F929 /* Konica_c35.usdz */,
				C2FC298A2BFB869A00F8F929 /* Leica_M6.usdz */,
				C2FC298B2BFB869A00F8F929 /* Minolta_X-300.usdz */,
				C2FC298C2BFB869A00F8F929 /* Olympus_PBR.usdz */,
				C2FC298E2BFB869A00F8F929 /* vintage_minolta_x-700_camera.usdz */,
				C2FC298F2BFB869A00F8F929 /* Yashica_FX3.usdz */,
			);
			path = 3DModel;
			sourceTree = "<group>";
		};
		C2FC29A42BFBACA200F8F929 /* View */ = {
			isa = PBXGroup;
			children = (
				C2E73D272BFAE1F0002122B1 /* ContentView.swift */,
				C2FC299B2BFB8B8800F8F929 /* SceneKitView.swift */,
				C2FC299D2BFB9CC700F8F929 /* SplashScreenView.swift */,
				C2FC299F2BFBA47500F8F929 /* MapView.swift */,
				C2FC29A52BFBAD7900F8F929 /* NaverMap.swift */,
				C2CBF5602BFEF8110071C5E5 /* HomeView.swift */,
				C2CBF5822BFF2B620071C5E5 /* BrandsScrollView.swift */,
				C2CBF5842BFF39CA0071C5E5 /* ItemGridView.swift */,
				C2AEBA742BFF9AC100AB1337 /* RemoteImageView.swift */,
			);
			path = View;
			sourceTree = "<group>";
		};
		E3326B936EFEDEEC04B51C92 /* Pods */ = {
			isa = PBXGroup;
			children = (
				EFB2DA32C02DB89E82629408 /* Pods-Filming.debug.xcconfig */,
				832FB168AE0D42CBC7367820 /* Pods-Filming.release.xcconfig */,
				DE3BECA3150C29184DD971F6 /* Pods-Filming-FilmingUITests.debug.xcconfig */,
				549AE2D3E9C382B573C08D01 /* Pods-Filming-FilmingUITests.release.xcconfig */,
				B6A917E1918F33883642C773 /* Pods-FilmingTests.debug.xcconfig */,
				957DE3CA0C32D9D8C6505BBB /* Pods-FilmingTests.release.xcconfig */,
			);
			path = Pods;
			sourceTree = "<group>";
		};
/* End PBXGroup section */

/* Begin PBXNativeTarget section */
		C2E73D212BFAE1F0002122B1 /* Filming */ = {
			isa = PBXNativeTarget;
			buildConfigurationList = C2E73D462BFAE1F2002122B1 /* Build configuration list for PBXNativeTarget "Filming" */;
			buildPhases = (
				784B02CF9DA786DC3BBA2DC6 /* [CP] Check Pods Manifest.lock */,
				C2E73D1E2BFAE1F0002122B1 /* Sources */,
				C2E73D1F2BFAE1F0002122B1 /* Frameworks */,
				C2E73D202BFAE1F0002122B1 /* Resources */,
				BB0ED787A4DCB71428849843 /* [CP] Embed Pods Frameworks */,
			);
			buildRules = (
			);
			dependencies = (
			);
			name = Filming;
			packageProductDependencies = (
				C25991682BFCE7C600B797C2 /* FirebaseAuth */,
				C259916A2BFCE7C600B797C2 /* FirebaseFirestore */,
				C259916C2BFCE7C600B797C2 /* FirebaseFirestoreSwift */,
			);
			productName = Filming;
			productReference = C20AD1C92BFBBC88002EF66D /* Filming.app */;
			productType = "com.apple.product-type.application";
		};
		C2E73D312BFAE1F2002122B1 /* FilmingTests */ = {
			isa = PBXNativeTarget;
			buildConfigurationList = C2E73D492BFAE1F2002122B1 /* Build configuration list for PBXNativeTarget "FilmingTests" */;
			buildPhases = (
				B1681BECA08F8653710EEC10 /* [CP] Check Pods Manifest.lock */,
				C2E73D2E2BFAE1F2002122B1 /* Sources */,
				C2E73D2F2BFAE1F2002122B1 /* Frameworks */,
				C2E73D302BFAE1F2002122B1 /* Resources */,
			);
			buildRules = (
			);
			dependencies = (
				C2E73D342BFAE1F2002122B1 /* PBXTargetDependency */,
			);
			name = FilmingTests;
			productName = FilmingTests;
			productReference = C25991652BFCCD6900B797C2 /* FilmingTests.xctest */;
			productType = "com.apple.product-type.bundle.unit-test";
		};
		C2E73D3B2BFAE1F2002122B1 /* FilmingUITests */ = {
			isa = PBXNativeTarget;
			buildConfigurationList = C2E73D4C2BFAE1F2002122B1 /* Build configuration list for PBXNativeTarget "FilmingUITests" */;
			buildPhases = (
				74D7BBADB7E506D00443410A /* [CP] Check Pods Manifest.lock */,
				C2E73D382BFAE1F2002122B1 /* Sources */,
				C2E73D392BFAE1F2002122B1 /* Frameworks */,
				C2E73D3A2BFAE1F2002122B1 /* Resources */,
				6C6721288A1005074D792583 /* [CP] Embed Pods Frameworks */,
			);
			buildRules = (
			);
			dependencies = (
				C2E73D3E2BFAE1F2002122B1 /* PBXTargetDependency */,
			);
			name = FilmingUITests;
			productName = FilmingUITests;
			productReference = C25991662BFCCD6900B797C2 /* FilmingUITests.xctest */;
			productType = "com.apple.product-type.bundle.ui-testing";
		};
/* End PBXNativeTarget section */

/* Begin PBXProject section */
		C2E73D1A2BFAE1F0002122B1 /* Project object */ = {
			isa = PBXProject;
			attributes = {
				BuildIndependentTargetsInParallel = 1;
				LastSwiftUpdateCheck = 1540;
				LastUpgradeCheck = 1540;
				TargetAttributes = {
					C2E73D212BFAE1F0002122B1 = {
						CreatedOnToolsVersion = 15.4;
					};
					C2E73D312BFAE1F2002122B1 = {
						CreatedOnToolsVersion = 15.4;
						TestTargetID = C2E73D212BFAE1F0002122B1;
					};
					C2E73D3B2BFAE1F2002122B1 = {
						CreatedOnToolsVersion = 15.4;
						TestTargetID = C2E73D212BFAE1F0002122B1;
					};
				};
			};
			buildConfigurationList = C2E73D1D2BFAE1F0002122B1 /* Build configuration list for PBXProject "Filming" */;
			compatibilityVersion = "Xcode 14.0";
			developmentRegion = en;
			hasScannedForEncodings = 0;
			knownRegions = (
				en,
				Base,
			);
			mainGroup = C2E73D192BFAE1F0002122B1;
			packageReferences = (
				C25991672BFCE7C600B797C2 /* XCRemoteSwiftPackageReference "firebase-ios-sdk" */,
			);
			productRefGroup = C2E73D192BFAE1F0002122B1;
			projectDirPath = "";
			projectRoot = "";
			targets = (
				C2E73D212BFAE1F0002122B1 /* Filming */,
				C2E73D312BFAE1F2002122B1 /* FilmingTests */,
				C2E73D3B2BFAE1F2002122B1 /* FilmingUITests */,
			);
		};
/* End PBXProject section */

/* Begin PBXResourcesBuildPhase section */
		C2E73D202BFAE1F0002122B1 /* Resources */ = {
			isa = PBXResourcesBuildPhase;
			buildActionMask = 2147483647;
			files = (
				C2FC29972BFB869A00F8F929 /* vintage_minolta_x-700_camera.usdz in Resources */,
				C2FC29952BFB869A00F8F929 /* Olympus_PBR.usdz in Resources */,
				C2E73D2D2BFAE1F2002122B1 /* Preview Assets.xcassets in Resources */,
				C2FC29912BFB869A00F8F929 /* Canon_AE-1.usdz in Resources */,
				C2FC29982BFB869A00F8F929 /* Yashica_FX3.usdz in Resources */,
				C2FC29932BFB869A00F8F929 /* Leica_M6.usdz in Resources */,
				C2FC299A2BFB879500F8F929 /* PENTAX_K1000.usdz in Resources */,
				C2FC29942BFB869A00F8F929 /* Minolta_X-300.usdz in Resources */,
				C25991702BFCEADB00B797C2 /* GoogleService-Info.plist in Resources */,
				C2FC29922BFB869A00F8F929 /* Konica_c35.usdz in Resources */,
				C2E73D2A2BFAE1F2002122B1 /* Assets.xcassets in Resources */,
			);
			runOnlyForDeploymentPostprocessing = 0;
		};
		C2E73D302BFAE1F2002122B1 /* Resources */ = {
			isa = PBXResourcesBuildPhase;
			buildActionMask = 2147483647;
			files = (
			);
			runOnlyForDeploymentPostprocessing = 0;
		};
		C2E73D3A2BFAE1F2002122B1 /* Resources */ = {
			isa = PBXResourcesBuildPhase;
			buildActionMask = 2147483647;
			files = (
			);
			runOnlyForDeploymentPostprocessing = 0;
		};
/* End PBXResourcesBuildPhase section */

/* Begin PBXShellScriptBuildPhase section */
		6C6721288A1005074D792583 /* [CP] Embed Pods Frameworks */ = {
			isa = PBXShellScriptBuildPhase;
			buildActionMask = 2147483647;
			files = (
			);
			inputFileListPaths = (
				"${PODS_ROOT}/Target Support Files/Pods-Filming-FilmingUITests/Pods-Filming-FilmingUITests-frameworks-${CONFIGURATION}-input-files.xcfilelist",
			);
			name = "[CP] Embed Pods Frameworks";
			outputFileListPaths = (
				"${PODS_ROOT}/Target Support Files/Pods-Filming-FilmingUITests/Pods-Filming-FilmingUITests-frameworks-${CONFIGURATION}-output-files.xcfilelist",
			);
			runOnlyForDeploymentPostprocessing = 0;
			shellPath = /bin/sh;
			shellScript = "\"${PODS_ROOT}/Target Support Files/Pods-Filming-FilmingUITests/Pods-Filming-FilmingUITests-frameworks.sh\"\n";
			showEnvVarsInLog = 0;
		};
		74D7BBADB7E506D00443410A /* [CP] Check Pods Manifest.lock */ = {
			isa = PBXShellScriptBuildPhase;
			buildActionMask = 2147483647;
			files = (
			);
			inputFileListPaths = (
			);
			inputPaths = (
				"${PODS_PODFILE_DIR_PATH}/Podfile.lock",
				"${PODS_ROOT}/Manifest.lock",
			);
			name = "[CP] Check Pods Manifest.lock";
			outputFileListPaths = (
			);
			outputPaths = (
				"$(DERIVED_FILE_DIR)/Pods-Filming-FilmingUITests-checkManifestLockResult.txt",
			);
			runOnlyForDeploymentPostprocessing = 0;
			shellPath = /bin/sh;
			shellScript = "diff \"${PODS_PODFILE_DIR_PATH}/Podfile.lock\" \"${PODS_ROOT}/Manifest.lock\" > /dev/null\nif [ $? != 0 ] ; then\n    # print error to STDERR\n    echo \"error: The sandbox is not in sync with the Podfile.lock. Run 'pod install' or update your CocoaPods installation.\" >&2\n    exit 1\nfi\n# This output is used by Xcode 'outputs' to avoid re-running this script phase.\necho \"SUCCESS\" > \"${SCRIPT_OUTPUT_FILE_0}\"\n";
			showEnvVarsInLog = 0;
		};
		784B02CF9DA786DC3BBA2DC6 /* [CP] Check Pods Manifest.lock */ = {
			isa = PBXShellScriptBuildPhase;
			buildActionMask = 2147483647;
			files = (
			);
			inputFileListPaths = (
			);
			inputPaths = (
				"${PODS_PODFILE_DIR_PATH}/Podfile.lock",
				"${PODS_ROOT}/Manifest.lock",
			);
			name = "[CP] Check Pods Manifest.lock";
			outputFileListPaths = (
			);
			outputPaths = (
				"$(DERIVED_FILE_DIR)/Pods-Filming-checkManifestLockResult.txt",
			);
			runOnlyForDeploymentPostprocessing = 0;
			shellPath = /bin/sh;
			shellScript = "diff \"${PODS_PODFILE_DIR_PATH}/Podfile.lock\" \"${PODS_ROOT}/Manifest.lock\" > /dev/null\nif [ $? != 0 ] ; then\n    # print error to STDERR\n    echo \"error: The sandbox is not in sync with the Podfile.lock. Run 'pod install' or update your CocoaPods installation.\" >&2\n    exit 1\nfi\n# This output is used by Xcode 'outputs' to avoid re-running this script phase.\necho \"SUCCESS\" > \"${SCRIPT_OUTPUT_FILE_0}\"\n";
			showEnvVarsInLog = 0;
		};
		B1681BECA08F8653710EEC10 /* [CP] Check Pods Manifest.lock */ = {
			isa = PBXShellScriptBuildPhase;
			buildActionMask = 2147483647;
			files = (
			);
			inputFileListPaths = (
			);
			inputPaths = (
				"${PODS_PODFILE_DIR_PATH}/Podfile.lock",
				"${PODS_ROOT}/Manifest.lock",
			);
			name = "[CP] Check Pods Manifest.lock";
			outputFileListPaths = (
			);
			outputPaths = (
				"$(DERIVED_FILE_DIR)/Pods-FilmingTests-checkManifestLockResult.txt",
			);
			runOnlyForDeploymentPostprocessing = 0;
			shellPath = /bin/sh;
			shellScript = "diff \"${PODS_PODFILE_DIR_PATH}/Podfile.lock\" \"${PODS_ROOT}/Manifest.lock\" > /dev/null\nif [ $? != 0 ] ; then\n    # print error to STDERR\n    echo \"error: The sandbox is not in sync with the Podfile.lock. Run 'pod install' or update your CocoaPods installation.\" >&2\n    exit 1\nfi\n# This output is used by Xcode 'outputs' to avoid re-running this script phase.\necho \"SUCCESS\" > \"${SCRIPT_OUTPUT_FILE_0}\"\n";
			showEnvVarsInLog = 0;
		};
		BB0ED787A4DCB71428849843 /* [CP] Embed Pods Frameworks */ = {
			isa = PBXShellScriptBuildPhase;
			buildActionMask = 2147483647;
			files = (
			);
			inputFileListPaths = (
				"${PODS_ROOT}/Target Support Files/Pods-Filming/Pods-Filming-frameworks-${CONFIGURATION}-input-files.xcfilelist",
			);
			name = "[CP] Embed Pods Frameworks";
			outputFileListPaths = (
				"${PODS_ROOT}/Target Support Files/Pods-Filming/Pods-Filming-frameworks-${CONFIGURATION}-output-files.xcfilelist",
			);
			runOnlyForDeploymentPostprocessing = 0;
			shellPath = /bin/sh;
			shellScript = "\"${PODS_ROOT}/Target Support Files/Pods-Filming/Pods-Filming-frameworks.sh\"\n";
			showEnvVarsInLog = 0;
		};
/* End PBXShellScriptBuildPhase section */

/* Begin PBXSourcesBuildPhase section */
		C2E73D1E2BFAE1F0002122B1 /* Sources */ = {
			isa = PBXSourcesBuildPhase;
			buildActionMask = 2147483647;
			files = (
				C2E73D282BFAE1F0002122B1 /* ContentView.swift in Sources */,
				C25991762BFCF17800B797C2 /* PlaceViewModel.swift in Sources */,
				C2E73D262BFAE1F0002122B1 /* FilmingApp.swift in Sources */,
				C2CBF5612BFEF8110071C5E5 /* HomeView.swift in Sources */,
				C2FC29A02BFBA47500F8F929 /* MapView.swift in Sources */,
				C2AEBA752BFF9AC100AB1337 /* RemoteImageView.swift in Sources */,
				C2CBF5852BFF39CA0071C5E5 /* ItemGridView.swift in Sources */,
				C25991732BFCEC4900B797C2 /* Place.swift in Sources */,
				C2FC29A62BFBAD7900F8F929 /* NaverMap.swift in Sources */,
				C2FC299C2BFB8B8800F8F929 /* SceneKitView.swift in Sources */,
				C2FC299E2BFB9CC700F8F929 /* SplashScreenView.swift in Sources */,
				C2AEBA792BFF9B8E00AB1337 /* RemoteImageViewModel.swift in Sources */,
				C2CBF5832BFF2B620071C5E5 /* BrandsScrollView.swift in Sources */,
				C24145092BFBB1F8002EC0F9 /* Coordinator.swift in Sources */,
			);
			runOnlyForDeploymentPostprocessing = 0;
		};
		C2E73D2E2BFAE1F2002122B1 /* Sources */ = {
			isa = PBXSourcesBuildPhase;
			buildActionMask = 2147483647;
			files = (
				C2E73D372BFAE1F2002122B1 /* FilmingTests.swift in Sources */,
			);
			runOnlyForDeploymentPostprocessing = 0;
		};
		C2E73D382BFAE1F2002122B1 /* Sources */ = {
			isa = PBXSourcesBuildPhase;
			buildActionMask = 2147483647;
			files = (
				C2E73D412BFAE1F2002122B1 /* FilmingUITests.swift in Sources */,
				C2E73D432BFAE1F2002122B1 /* FilmingUITestsLaunchTests.swift in Sources */,
			);
			runOnlyForDeploymentPostprocessing = 0;
		};
/* End PBXSourcesBuildPhase section */

/* Begin PBXTargetDependency section */
		C2E73D342BFAE1F2002122B1 /* PBXTargetDependency */ = {
			isa = PBXTargetDependency;
			target = C2E73D212BFAE1F0002122B1 /* Filming */;
			targetProxy = C2E73D332BFAE1F2002122B1 /* PBXContainerItemProxy */;
		};
		C2E73D3E2BFAE1F2002122B1 /* PBXTargetDependency */ = {
			isa = PBXTargetDependency;
			target = C2E73D212BFAE1F0002122B1 /* Filming */;
			targetProxy = C2E73D3D2BFAE1F2002122B1 /* PBXContainerItemProxy */;
		};
/* End PBXTargetDependency section */

/* Begin XCBuildConfiguration section */
		C2E73D442BFAE1F2002122B1 /* Debug */ = {
			isa = XCBuildConfiguration;
			baseConfigurationReference = C2FC29A22BFBA6AB00F8F929 /* Config.xcconfig */;
			buildSettings = {
				ALWAYS_SEARCH_USER_PATHS = NO;
				ASSETCATALOG_COMPILER_GENERATE_SWIFT_ASSET_SYMBOL_EXTENSIONS = YES;
				CLANG_ANALYZER_NONNULL = YES;
				CLANG_ANALYZER_NUMBER_OBJECT_CONVERSION = YES_AGGRESSIVE;
				CLANG_CXX_LANGUAGE_STANDARD = "gnu++20";
				CLANG_ENABLE_MODULES = YES;
				CLANG_ENABLE_OBJC_ARC = YES;
				CLANG_ENABLE_OBJC_WEAK = YES;
				CLANG_WARN_BLOCK_CAPTURE_AUTORELEASING = YES;
				CLANG_WARN_BOOL_CONVERSION = YES;
				CLANG_WARN_COMMA = YES;
				CLANG_WARN_CONSTANT_CONVERSION = YES;
				CLANG_WARN_DEPRECATED_OBJC_IMPLEMENTATIONS = YES;
				CLANG_WARN_DIRECT_OBJC_ISA_USAGE = YES_ERROR;
				CLANG_WARN_DOCUMENTATION_COMMENTS = YES;
				CLANG_WARN_EMPTY_BODY = YES;
				CLANG_WARN_ENUM_CONVERSION = YES;
				CLANG_WARN_INFINITE_RECURSION = YES;
				CLANG_WARN_INT_CONVERSION = YES;
				CLANG_WARN_NON_LITERAL_NULL_CONVERSION = YES;
				CLANG_WARN_OBJC_IMPLICIT_RETAIN_SELF = YES;
				CLANG_WARN_OBJC_LITERAL_CONVERSION = YES;
				CLANG_WARN_OBJC_ROOT_CLASS = YES_ERROR;
				CLANG_WARN_QUOTED_INCLUDE_IN_FRAMEWORK_HEADER = YES;
				CLANG_WARN_RANGE_LOOP_ANALYSIS = YES;
				CLANG_WARN_STRICT_PROTOTYPES = YES;
				CLANG_WARN_SUSPICIOUS_MOVE = YES;
				CLANG_WARN_UNGUARDED_AVAILABILITY = YES_AGGRESSIVE;
				CLANG_WARN_UNREACHABLE_CODE = YES;
				CLANG_WARN__DUPLICATE_METHOD_MATCH = YES;
				COPY_PHASE_STRIP = NO;
				DEBUG_INFORMATION_FORMAT = dwarf;
				ENABLE_STRICT_OBJC_MSGSEND = YES;
				ENABLE_TESTABILITY = YES;
				ENABLE_USER_SCRIPT_SANDBOXING = NO;
				GCC_C_LANGUAGE_STANDARD = gnu17;
				GCC_DYNAMIC_NO_PIC = NO;
				GCC_NO_COMMON_BLOCKS = YES;
				GCC_OPTIMIZATION_LEVEL = 0;
				GCC_PREPROCESSOR_DEFINITIONS = (
					"DEBUG=1",
					"$(inherited)",
				);
				GCC_WARN_64_TO_32_BIT_CONVERSION = YES;
				GCC_WARN_ABOUT_RETURN_TYPE = YES_ERROR;
				GCC_WARN_UNDECLARED_SELECTOR = YES;
				GCC_WARN_UNINITIALIZED_AUTOS = YES_AGGRESSIVE;
				GCC_WARN_UNUSED_FUNCTION = YES;
				GCC_WARN_UNUSED_VARIABLE = YES;
				IPHONEOS_DEPLOYMENT_TARGET = 17.5;
				LOCALIZATION_PREFERS_STRING_CATALOGS = YES;
				MTL_ENABLE_DEBUG_INFO = INCLUDE_SOURCE;
				MTL_FAST_MATH = YES;
				ONLY_ACTIVE_ARCH = YES;
				SDKROOT = iphoneos;
				SWIFT_ACTIVE_COMPILATION_CONDITIONS = "DEBUG $(inherited)";
				SWIFT_OPTIMIZATION_LEVEL = "-Onone";
			};
			name = Debug;
		};
		C2E73D452BFAE1F2002122B1 /* Release */ = {
			isa = XCBuildConfiguration;
			baseConfigurationReference = C2FC29A22BFBA6AB00F8F929 /* Config.xcconfig */;
			buildSettings = {
				ALWAYS_SEARCH_USER_PATHS = NO;
				ASSETCATALOG_COMPILER_GENERATE_SWIFT_ASSET_SYMBOL_EXTENSIONS = YES;
				CLANG_ANALYZER_NONNULL = YES;
				CLANG_ANALYZER_NUMBER_OBJECT_CONVERSION = YES_AGGRESSIVE;
				CLANG_CXX_LANGUAGE_STANDARD = "gnu++20";
				CLANG_ENABLE_MODULES = YES;
				CLANG_ENABLE_OBJC_ARC = YES;
				CLANG_ENABLE_OBJC_WEAK = YES;
				CLANG_WARN_BLOCK_CAPTURE_AUTORELEASING = YES;
				CLANG_WARN_BOOL_CONVERSION = YES;
				CLANG_WARN_COMMA = YES;
				CLANG_WARN_CONSTANT_CONVERSION = YES;
				CLANG_WARN_DEPRECATED_OBJC_IMPLEMENTATIONS = YES;
				CLANG_WARN_DIRECT_OBJC_ISA_USAGE = YES_ERROR;
				CLANG_WARN_DOCUMENTATION_COMMENTS = YES;
				CLANG_WARN_EMPTY_BODY = YES;
				CLANG_WARN_ENUM_CONVERSION = YES;
				CLANG_WARN_INFINITE_RECURSION = YES;
				CLANG_WARN_INT_CONVERSION = YES;
				CLANG_WARN_NON_LITERAL_NULL_CONVERSION = YES;
				CLANG_WARN_OBJC_IMPLICIT_RETAIN_SELF = YES;
				CLANG_WARN_OBJC_LITERAL_CONVERSION = YES;
				CLANG_WARN_OBJC_ROOT_CLASS = YES_ERROR;
				CLANG_WARN_QUOTED_INCLUDE_IN_FRAMEWORK_HEADER = YES;
				CLANG_WARN_RANGE_LOOP_ANALYSIS = YES;
				CLANG_WARN_STRICT_PROTOTYPES = YES;
				CLANG_WARN_SUSPICIOUS_MOVE = YES;
				CLANG_WARN_UNGUARDED_AVAILABILITY = YES_AGGRESSIVE;
				CLANG_WARN_UNREACHABLE_CODE = YES;
				CLANG_WARN__DUPLICATE_METHOD_MATCH = YES;
				COPY_PHASE_STRIP = NO;
				DEBUG_INFORMATION_FORMAT = "dwarf-with-dsym";
				ENABLE_NS_ASSERTIONS = NO;
				ENABLE_STRICT_OBJC_MSGSEND = YES;
				ENABLE_USER_SCRIPT_SANDBOXING = NO;
				GCC_C_LANGUAGE_STANDARD = gnu17;
				GCC_NO_COMMON_BLOCKS = YES;
				GCC_WARN_64_TO_32_BIT_CONVERSION = YES;
				GCC_WARN_ABOUT_RETURN_TYPE = YES_ERROR;
				GCC_WARN_UNDECLARED_SELECTOR = YES;
				GCC_WARN_UNINITIALIZED_AUTOS = YES_AGGRESSIVE;
				GCC_WARN_UNUSED_FUNCTION = YES;
				GCC_WARN_UNUSED_VARIABLE = YES;
				IPHONEOS_DEPLOYMENT_TARGET = 17.5;
				LOCALIZATION_PREFERS_STRING_CATALOGS = YES;
				MTL_ENABLE_DEBUG_INFO = NO;
				MTL_FAST_MATH = YES;
				SDKROOT = iphoneos;
				SWIFT_COMPILATION_MODE = wholemodule;
				VALIDATE_PRODUCT = YES;
			};
			name = Release;
		};
		C2E73D472BFAE1F2002122B1 /* Debug */ = {
			isa = XCBuildConfiguration;
			baseConfigurationReference = EFB2DA32C02DB89E82629408 /* Pods-Filming.debug.xcconfig */;
			buildSettings = {
				ASSETCATALOG_COMPILER_APPICON_NAME = AppIcon;
				ASSETCATALOG_COMPILER_GLOBAL_ACCENT_COLOR_NAME = AccentColor;
				CODE_SIGN_STYLE = Automatic;
				CURRENT_PROJECT_VERSION = 1;
				DEVELOPMENT_ASSET_PATHS = "\"Filming/Preview Content\"";
				DEVELOPMENT_TEAM = 4C5QZ5DXV6;
				ENABLE_PREVIEWS = YES;
				GENERATE_INFOPLIST_FILE = YES;
				INFOPLIST_FILE = Filming/Info.plist;
				INFOPLIST_KEY_NSLocationAlwaysAndWhenInUseUsageDescription = "현재 위치를 알기 위해 이 권한이 필요합니다.";
				INFOPLIST_KEY_NSLocationWhenInUseUsageDescription = "현재 위치를 알기 위해 이 권한이 필요합니다.";
				INFOPLIST_KEY_UIApplicationSceneManifest_Generation = YES;
				INFOPLIST_KEY_UIApplicationSupportsIndirectInputEvents = YES;
				INFOPLIST_KEY_UILaunchScreen_Generation = YES;
				INFOPLIST_KEY_UISupportedInterfaceOrientations_iPad = "UIInterfaceOrientationPortrait UIInterfaceOrientationPortraitUpsideDown UIInterfaceOrientationLandscapeLeft UIInterfaceOrientationLandscapeRight";
				INFOPLIST_KEY_UISupportedInterfaceOrientations_iPhone = "UIInterfaceOrientationPortrait UIInterfaceOrientationLandscapeLeft UIInterfaceOrientationLandscapeRight";
				LD_RUNPATH_SEARCH_PATHS = (
					"$(inherited)",
					"@executable_path/Frameworks",
				);
				MARKETING_VERSION = 1.0;
				PRODUCT_BUNDLE_IDENTIFIER = com.harrylee.Filming;
				PRODUCT_NAME = "$(TARGET_NAME)";
				SWIFT_EMIT_LOC_STRINGS = YES;
				SWIFT_VERSION = 5.0;
				TARGETED_DEVICE_FAMILY = "1,2";
			};
			name = Debug;
		};
		C2E73D482BFAE1F2002122B1 /* Release */ = {
			isa = XCBuildConfiguration;
			baseConfigurationReference = 832FB168AE0D42CBC7367820 /* Pods-Filming.release.xcconfig */;
			buildSettings = {
				ASSETCATALOG_COMPILER_APPICON_NAME = AppIcon;
				ASSETCATALOG_COMPILER_GLOBAL_ACCENT_COLOR_NAME = AccentColor;
				CODE_SIGN_STYLE = Automatic;
				CURRENT_PROJECT_VERSION = 1;
				DEVELOPMENT_ASSET_PATHS = "\"Filming/Preview Content\"";
				DEVELOPMENT_TEAM = 4C5QZ5DXV6;
				ENABLE_PREVIEWS = YES;
				GENERATE_INFOPLIST_FILE = YES;
				INFOPLIST_FILE = Filming/Info.plist;
				INFOPLIST_KEY_NSLocationAlwaysAndWhenInUseUsageDescription = "현재 위치를 알기 위해 이 권한이 필요합니다.";
				INFOPLIST_KEY_NSLocationWhenInUseUsageDescription = "현재 위치를 알기 위해 이 권한이 필요합니다.";
				INFOPLIST_KEY_UIApplicationSceneManifest_Generation = YES;
				INFOPLIST_KEY_UIApplicationSupportsIndirectInputEvents = YES;
				INFOPLIST_KEY_UILaunchScreen_Generation = YES;
				INFOPLIST_KEY_UISupportedInterfaceOrientations_iPad = "UIInterfaceOrientationPortrait UIInterfaceOrientationPortraitUpsideDown UIInterfaceOrientationLandscapeLeft UIInterfaceOrientationLandscapeRight";
				INFOPLIST_KEY_UISupportedInterfaceOrientations_iPhone = "UIInterfaceOrientationPortrait UIInterfaceOrientationLandscapeLeft UIInterfaceOrientationLandscapeRight";
				LD_RUNPATH_SEARCH_PATHS = (
					"$(inherited)",
					"@executable_path/Frameworks",
				);
				MARKETING_VERSION = 1.0;
				PRODUCT_BUNDLE_IDENTIFIER = com.harrylee.Filming;
				PRODUCT_NAME = "$(TARGET_NAME)";
				SWIFT_EMIT_LOC_STRINGS = YES;
				SWIFT_VERSION = 5.0;
				TARGETED_DEVICE_FAMILY = "1,2";
			};
			name = Release;
		};
		C2E73D4A2BFAE1F2002122B1 /* Debug */ = {
			isa = XCBuildConfiguration;
			baseConfigurationReference = B6A917E1918F33883642C773 /* Pods-FilmingTests.debug.xcconfig */;
			buildSettings = {
				ALWAYS_EMBED_SWIFT_STANDARD_LIBRARIES = YES;
				BUNDLE_LOADER = "$(TEST_HOST)";
				CODE_SIGN_STYLE = Automatic;
				CURRENT_PROJECT_VERSION = 1;
				GENERATE_INFOPLIST_FILE = YES;
				IPHONEOS_DEPLOYMENT_TARGET = 17.5;
				MARKETING_VERSION = 1.0;
				PRODUCT_BUNDLE_IDENTIFIER = com.harrylee.FilmingTests;
				PRODUCT_NAME = "$(TARGET_NAME)";
				SWIFT_EMIT_LOC_STRINGS = NO;
				SWIFT_VERSION = 5.0;
				TARGETED_DEVICE_FAMILY = "1,2";
				TEST_HOST = "$(BUILT_PRODUCTS_DIR)/Filming.app/$(BUNDLE_EXECUTABLE_FOLDER_PATH)/Filming";
			};
			name = Debug;
		};
		C2E73D4B2BFAE1F2002122B1 /* Release */ = {
			isa = XCBuildConfiguration;
			baseConfigurationReference = 957DE3CA0C32D9D8C6505BBB /* Pods-FilmingTests.release.xcconfig */;
			buildSettings = {
				ALWAYS_EMBED_SWIFT_STANDARD_LIBRARIES = YES;
				BUNDLE_LOADER = "$(TEST_HOST)";
				CODE_SIGN_STYLE = Automatic;
				CURRENT_PROJECT_VERSION = 1;
				GENERATE_INFOPLIST_FILE = YES;
				IPHONEOS_DEPLOYMENT_TARGET = 17.5;
				MARKETING_VERSION = 1.0;
				PRODUCT_BUNDLE_IDENTIFIER = com.harrylee.FilmingTests;
				PRODUCT_NAME = "$(TARGET_NAME)";
				SWIFT_EMIT_LOC_STRINGS = NO;
				SWIFT_VERSION = 5.0;
				TARGETED_DEVICE_FAMILY = "1,2";
				TEST_HOST = "$(BUILT_PRODUCTS_DIR)/Filming.app/$(BUNDLE_EXECUTABLE_FOLDER_PATH)/Filming";
			};
			name = Release;
		};
		C2E73D4D2BFAE1F2002122B1 /* Debug */ = {
			isa = XCBuildConfiguration;
			baseConfigurationReference = DE3BECA3150C29184DD971F6 /* Pods-Filming-FilmingUITests.debug.xcconfig */;
			buildSettings = {
				ALWAYS_EMBED_SWIFT_STANDARD_LIBRARIES = YES;
				CODE_SIGN_STYLE = Automatic;
				CURRENT_PROJECT_VERSION = 1;
				GENERATE_INFOPLIST_FILE = YES;
				MARKETING_VERSION = 1.0;
				PRODUCT_BUNDLE_IDENTIFIER = com.harrylee.FilmingUITests;
				PRODUCT_NAME = "$(TARGET_NAME)";
				SWIFT_EMIT_LOC_STRINGS = NO;
				SWIFT_VERSION = 5.0;
				TARGETED_DEVICE_FAMILY = "1,2";
				TEST_TARGET_NAME = Filming;
			};
			name = Debug;
		};
		C2E73D4E2BFAE1F2002122B1 /* Release */ = {
			isa = XCBuildConfiguration;
			baseConfigurationReference = 549AE2D3E9C382B573C08D01 /* Pods-Filming-FilmingUITests.release.xcconfig */;
			buildSettings = {
				ALWAYS_EMBED_SWIFT_STANDARD_LIBRARIES = YES;
				CODE_SIGN_STYLE = Automatic;
				CURRENT_PROJECT_VERSION = 1;
				GENERATE_INFOPLIST_FILE = YES;
				MARKETING_VERSION = 1.0;
				PRODUCT_BUNDLE_IDENTIFIER = com.harrylee.FilmingUITests;
				PRODUCT_NAME = "$(TARGET_NAME)";
				SWIFT_EMIT_LOC_STRINGS = NO;
				SWIFT_VERSION = 5.0;
				TARGETED_DEVICE_FAMILY = "1,2";
				TEST_TARGET_NAME = Filming;
			};
			name = Release;
		};
/* End XCBuildConfiguration section */

/* Begin XCConfigurationList section */
		C2E73D1D2BFAE1F0002122B1 /* Build configuration list for PBXProject "Filming" */ = {
			isa = XCConfigurationList;
			buildConfigurations = (
				C2E73D442BFAE1F2002122B1 /* Debug */,
				C2E73D452BFAE1F2002122B1 /* Release */,
			);
			defaultConfigurationIsVisible = 0;
			defaultConfigurationName = Release;
		};
		C2E73D462BFAE1F2002122B1 /* Build configuration list for PBXNativeTarget "Filming" */ = {
			isa = XCConfigurationList;
			buildConfigurations = (
				C2E73D472BFAE1F2002122B1 /* Debug */,
				C2E73D482BFAE1F2002122B1 /* Release */,
			);
			defaultConfigurationIsVisible = 0;
			defaultConfigurationName = Release;
		};
		C2E73D492BFAE1F2002122B1 /* Build configuration list for PBXNativeTarget "FilmingTests" */ = {
			isa = XCConfigurationList;
			buildConfigurations = (
				C2E73D4A2BFAE1F2002122B1 /* Debug */,
				C2E73D4B2BFAE1F2002122B1 /* Release */,
			);
			defaultConfigurationIsVisible = 0;
			defaultConfigurationName = Release;
		};
		C2E73D4C2BFAE1F2002122B1 /* Build configuration list for PBXNativeTarget "FilmingUITests" */ = {
			isa = XCConfigurationList;
			buildConfigurations = (
				C2E73D4D2BFAE1F2002122B1 /* Debug */,
				C2E73D4E2BFAE1F2002122B1 /* Release */,
			);
			defaultConfigurationIsVisible = 0;
			defaultConfigurationName = Release;
		};
/* End XCConfigurationList section */

/* Begin XCRemoteSwiftPackageReference section */
		C25991672BFCE7C600B797C2 /* XCRemoteSwiftPackageReference "firebase-ios-sdk" */ = {
			isa = XCRemoteSwiftPackageReference;
			repositoryURL = "https://github.com/firebase/firebase-ios-sdk";
			requirement = {
				kind = upToNextMajorVersion;
				minimumVersion = 10.26.0;
			};
		};
/* End XCRemoteSwiftPackageReference section */

/* Begin XCSwiftPackageProductDependency section */
		C25991682BFCE7C600B797C2 /* FirebaseAuth */ = {
			isa = XCSwiftPackageProductDependency;
			package = C25991672BFCE7C600B797C2 /* XCRemoteSwiftPackageReference "firebase-ios-sdk" */;
			productName = FirebaseAuth;
		};
		C259916A2BFCE7C600B797C2 /* FirebaseFirestore */ = {
			isa = XCSwiftPackageProductDependency;
			package = C25991672BFCE7C600B797C2 /* XCRemoteSwiftPackageReference "firebase-ios-sdk" */;
			productName = FirebaseFirestore;
		};
		C259916C2BFCE7C600B797C2 /* FirebaseFirestoreSwift */ = {
			isa = XCSwiftPackageProductDependency;
			package = C25991672BFCE7C600B797C2 /* XCRemoteSwiftPackageReference "firebase-ios-sdk" */;
			productName = FirebaseFirestoreSwift;
		};
/* End XCSwiftPackageProductDependency section */
	};
	rootObject = C2E73D1A2BFAE1F0002122B1 /* Project object */;
}
